{
  "name": "my_paperjs_utils",
  "version": "1.0.0",
  "lockfileVersion": 3,
  "requires": true,
  "packages": {
    "": {
      "name": "my_paperjs_utils",
      "version": "1.0.0",
      "license": "ISC",
      "dependencies": {
        "paper": "^0.12.18"
      },
      "devDependencies": {
        "@types/paper": "^0.11.14",
        "typescript": "^5.8.2"
      }
    },
    "node_modules/@types/paper": {
      "version": "0.11.14",
      "resolved": "https://registry.npmmirror.com/@types/paper/-/paper-0.11.14.tgz",
      "integrity": "sha512-R7KPu3tzoPOScBJgKj69eFho2hYSZcxgKT86Pcx+Gm9J+g5gHSe2ZMGpC2kFHRr6OPRXikvP2D/bNKo+TnISAQ==",
      "dev": true,
      "license": "MIT"
    },
    "node_modules/paper": {
      "version": "0.12.18",
      "resolved": "https://registry.npmmirror.com/paper/-/paper-0.12.18.tgz",
      "integrity": "sha512-ZSLIEejQTJZuYHhSSqAf4jXOnii0kPhCJGAnYAANtdS72aNwXJ9cP95tZHgq1tnNpvEwgQhggy+4OarviqTCGw==",
      "license": "MIT",
      "workspaces": [
        "packages/*"
      ],
      "engines": {
        "node": ">=8.0.0"
      }
    },
    "node_modules/typescript": {
      "version": "5.8.2",
      "resolved": "https://registry.npmmirror.com/typescript/-/typescript-5.8.2.tgz",
      "integrity": "sha512-aJn6wq13/afZp/jT9QZmwEjDqqvSGp1VT5GVg+f/t6/oVyrgXM6BY1h9BRh/O5p3PlUPAe+WuiEZOmb/49RqoQ==",
      "dev": true,
      "license": "Apache-2.0",
      "bin": {
        "tsc": "bin/tsc",
        "tsserver": "bin/tsserver"
      },
      "engines": {
        "node": ">=14.17"
      }
    }
  }
}
